// !$*UTF8*$!
{
	archiveVersion = 1;
	classes = {
	};
	objectVersion = 50;
	objects = {

/* Begin PBXBuildFile section */
		D0524B5E24D761A7005810CA /* AppDelegate.swift in Sources */ = {isa = PBXBuildFile; fileRef = D0524B5D24D761A7005810CA /* AppDelegate.swift */; };
		D0524B6024D761A7005810CA /* SceneDelegate.swift in Sources */ = {isa = PBXBuildFile; fileRef = D0524B5F24D761A7005810CA /* SceneDelegate.swift */; };
		D0524B6224D761A7005810CA /* ViewController.swift in Sources */ = {isa = PBXBuildFile; fileRef = D0524B6124D761A7005810CA /* ViewController.swift */; };
		D0524B6524D761A7005810CA /* Main.storyboard in Resources */ = {isa = PBXBuildFile; fileRef = D0524B6324D761A7005810CA /* Main.storyboard */; };
		D0524B6724D761AB005810CA /* Assets.xcassets in Resources */ = {isa = PBXBuildFile; fileRef = D0524B6624D761AB005810CA /* Assets.xcassets */; };
		D0524B6A24D761AB005810CA /* LaunchScreen.storyboard in Resources */ = {isa = PBXBuildFile; fileRef = D0524B6824D761AB005810CA /* LaunchScreen.storyboard */; };
		D0524B7A24D76264005810CA /* NetworkService.swift in Sources */ = {isa = PBXBuildFile; fileRef = D0524B7924D76264005810CA /* NetworkService.swift */; };
		D0524B7C24D76275005810CA /* NetworkDataFetcher.swift in Sources */ = {isa = PBXBuildFile; fileRef = D0524B7B24D76275005810CA /* NetworkDataFetcher.swift */; };
		D0524B7F24D76299005810CA /* SearchResponse.swift in Sources */ = {isa = PBXBuildFile; fileRef = D0524B7E24D76299005810CA /* SearchResponse.swift */; };
/* End PBXBuildFile section */

/* Begin PBXFileReference section */
		D0524B5A24D761A7005810CA /* JSONWebinar.app */ = {isa = PBXFileReference; explicitFileType = wrapper.application; includeInIndex = 0; path = JSONWebinar.app; sourceTree = BUILT_PRODUCTS_DIR; };
		D0524B5D24D761A7005810CA /* AppDelegate.swift */ = {isa = PBXFileReference; lastKnownFileType = sourcecode.swift; path = AppDelegate.swift; sourceTree = "<group>"; };
		D0524B5F24D761A7005810CA /* SceneDelegate.swift */ = {isa = PBXFileReference; lastKnownFileType = sourcecode.swift; path = SceneDelegate.swift; sourceTree = "<group>"; };
		D0524B6124D761A7005810CA /* ViewController.swift */ = {isa = PBXFileReference; lastKnownFileType = sourcecode.swift; path = ViewController.swift; sourceTree = "<group>"; };
		D0524B6424D761A7005810CA /* Base */ = {isa = PBXFileReference; lastKnownFileType = file.storyboard; name = Base; path = Base.lproj/Main.storyboard; sourceTree = "<group>"; };
		D0524B6624D761AB005810CA /* Assets.xcassets */ = {isa = PBXFileReference; lastKnownFileType = folder.assetcatalog; path = Assets.xcassets; sourceTree = "<group>"; };
		D0524B6924D761AB005810CA /* Base */ = {isa = PBXFileReference; lastKnownFileType = file.storyboard; name = Base; path = Base.lproj/LaunchScreen.storyboard; sourceTree = "<group>"; };
		D0524B6B24D761AB005810CA /* Info.plist */ = {isa = PBXFileReference; lastKnownFileType = text.plist.xml; path = Info.plist; sourceTree = "<group>"; };
		D0524B7924D76264005810CA /* NetworkService.swift */ = {isa = PBXFileReference; lastKnownFileType = sourcecode.swift; path = NetworkService.swift; sourceTree = "<group>"; };
		D0524B7B24D76275005810CA /* NetworkDataFetcher.swift */ = {isa = PBXFileReference; lastKnownFileType = sourcecode.swift; path = NetworkDataFetcher.swift; sourceTree = "<group>"; };
		D0524B7E24D76299005810CA /* SearchResponse.swift */ = {isa = PBXFileReference; lastKnownFileType = sourcecode.swift; path = SearchResponse.swift; sourceTree = "<group>"; };
/* End PBXFileReference section */

/* Begin PBXFrameworksBuildPhase section */
		D0524B5724D761A7005810CA /* Frameworks */ = {
			isa = PBXFrameworksBuildPhase;
			buildActionMask = 2147483647;
			files = (
			);
			runOnlyForDeploymentPostprocessing = 0;
		};
/* End PBXFrameworksBuildPhase section */

/* Begin PBXGroup section */
		D0524B5124D761A7005810CA = {
			isa = PBXGroup;
			children = (
				D0524B5C24D761A7005810CA /* JSONWebinar */,
				D0524B5B24D761A7005810CA /* Products */,
			);
			sourceTree = "<group>";
		};
		D0524B5B24D761A7005810CA /* Products */ = {
			isa = PBXGroup;
			children = (
				D0524B5A24D761A7005810CA /* JSONWebinar.app */,
			);
			name = Products;
			sourceTree = "<group>";
		};
		D0524B5C24D761A7005810CA /* JSONWebinar */ = {
			isa = PBXGroup;
			children = (
				D0524B8024D7629D005810CA /* Models */,
				D0524B8124D762C0005810CA /* Controllers */,
				D0524B7D24D7627F005810CA /* Networking */,
				D0524B6324D761A7005810CA /* Main.storyboard */,
				D0524B6624D761AB005810CA /* Assets.xcassets */,
				D0524B6824D761AB005810CA /* LaunchScreen.storyboard */,
				D0524B6B24D761AB005810CA /* Info.plist */,
			);
			path = JSONWebinar;
			sourceTree = "<group>";
		};
		D0524B7D24D7627F005810CA /* Networking */ = {
			isa = PBXGroup;
			children = (
				D0524B7924D76264005810CA /* NetworkService.swift */,
				D0524B7B24D76275005810CA /* NetworkDataFetcher.swift */,
				D0524B8224D762D5005810CA /* Delegates */,
			);
			path = Networking;
			sourceTree = "<group>";
		};
		D0524B8024D7629D005810CA /* Models */ = {
			isa = PBXGroup;
			children = (
				D0524B7E24D76299005810CA /* SearchResponse.swift */,
			);
			path = Models;
			sourceTree = "<group>";
		};
		D0524B8124D762C0005810CA /* Controllers */ = {
			isa = PBXGroup;
			children = (
				D0524B6124D761A7005810CA /* ViewController.swift */,
			);
			path = Controllers;
			sourceTree = "<group>";
		};
		D0524B8224D762D5005810CA /* Delegates */ = {
			isa = PBXGroup;
			children = (
				D0524B5D24D761A7005810CA /* AppDelegate.swift */,
				D0524B5F24D761A7005810CA /* SceneDelegate.swift */,
			);
			path = Delegates;
			sourceTree = "<group>";
		};
/* End PBXGroup section */

/* Begin PBXNativeTarget section */
		D0524B5924D761A7005810CA /* JSONWebinar */ = {
			isa = PBXNativeTarget;
			buildConfigurationList = D0524B6E24D761AB005810CA /* Build configuration list for PBXNativeTarget "JSONWebinar" */;
			buildPhases = (
				D0524B5624D761A7005810CA /* Sources */,
				D0524B5724D761A7005810CA /* Frameworks */,
				D0524B5824D761A7005810CA /* Resources */,
			);
			buildRules = (
			);
			dependencies = (
			);
			name = JSONWebinar;
			productName = JSONWebinar;
			productReference = D0524B5A24D761A7005810CA /* JSONWebinar.app */;
			productType = "com.apple.product-type.application";
		};
/* End PBXNativeTarget section */

/* Begin PBXProject section */
		D0524B5224D761A7005810CA /* Project object */ = {
			isa = PBXProject;
			attributes = {
				LastSwiftUpdateCheck = 1160;
				LastUpgradeCheck = 1160;
				ORGANIZATIONNAME = VardanMakhsudyan;
				TargetAttributes = {
					D0524B5924D761A7005810CA = {
						CreatedOnToolsVersion = 11.6;
					};
				};
			};
			buildConfigurationList = D0524B5524D761A7005810CA /* Build configuration list for PBXProject "JSONWebinar" */;
			compatibilityVersion = "Xcode 9.3";
			developmentRegion = en;
			hasScannedForEncodings = 0;
			knownRegions = (
				en,
				Base,
			);
			mainGroup = D0524B5124D761A7005810CA;
			productRefGroup = D0524B5B24D761A7005810CA /* Products */;
			projectDirPath = "";
			projectRoot = "";
			targets = (
				D0524B5924D761A7005810CA /* JSONWebinar */,
			);
		};
/* End PBXProject section */

/* Begin PBXResourcesBuildPhase section */
		D0524B5824D761A7005810CA /* Resources */ = {
			isa = PBXResourcesBuildPhase;
			buildActionMask = 2147483647;
			files = (
				D0524B6A24D761AB005810CA /* LaunchScreen.storyboard in Resources */,
				D0524B6724D761AB005810CA /* Assets.xcassets in Resources */,
				D0524B6524D761A7005810CA /* Main.storyboard in Resources */,
			);
			runOnlyForDeploymentPostprocessing = 0;
		};
/* End PBXResourcesBuildPhase section */

/* Begin PBXSourcesBuildPhase section */
		D0524B5624D761A7005810CA /* Sources */ = {
			isa = PBXSourcesBuildPhase;
			buildActionMask = 2147483647;
			files = (
				D0524B6224D761A7005810CA /* ViewController.swift in Sources */,
				D0524B5E24D761A7005810CA /* AppDelegate.swift in Sources */,
				D0524B7F24D76299005810CA /* SearchResponse.swift in Sources */,
				D0524B7A24D76264005810CA /* NetworkService.swift in Sources */,
				D0524B6024D761A7005810CA /* SceneDelegate.swift in Sources */,
				D0524B7C24D76275005810CA /* NetworkDataFetcher.swift in Sources */,
			);
			runOnlyForDeploymentPostprocessing = 0;
		};
/* End PBXSourcesBuildPhase section */

/* Begin PBXVariantGroup section */
		D0524B6324D761A7005810CA /* Main.storyboard */ = {
			isa = PBXVariantGroup;
			children = (
				D0524B6424D761A7005810CA /* Base */,
			);
			name = Main.storyboard;
			sourceTree = "<group>";
		};
		D0524B6824D761AB005810CA /* LaunchScreen.storyboard */ = {
			isa = PBXVariantGroup;
			children = (
				D0524B6924D761AB005810CA /* Base */,
			);
			name = LaunchScreen.storyboard;
			sourceTree = "<group>";
		};
/* End PBXVariantGroup section */

/* Begin XCBuildConfiguration section */
		D0524B6C24D761AB005810CA /* Debug */ = {
			isa = XCBuildConfiguration;
			buildSettings = {
				ALWAYS_SEARCH_USER_PATHS = NO;
				CLANG_ANALYZER_NONNULL = YES;
				CLANG_ANALYZER_NUMBER_OBJECT_CONVERSION = YES_AGGRESSIVE;
				CLANG_CXX_LANGUAGE_STANDARD = "gnu++14";
				CLANG_CXX_LIBRARY = "libc++";
				CLANG_ENABLE_MODULES = YES;
				CLANG_ENABLE_OBJC_ARC = YES;
				CLANG_ENABLE_OBJC_WEAK = YES;
				CLANG_WARN_BLOCK_CAPTURE_AUTORELEASING = YES;
				CLANG_WARN_BOOL_CONVERSION = YES;
				CLANG_WARN_COMMA = YES;
				CLANG_WARN_CONSTANT_CONVERSION = YES;
				CLANG_WARN_DEPRECATED_OBJC_IMPLEMENTATIONS = YES;
				CLANG_WARN_DIRECT_OBJC_ISA_USAGE = YES_ERROR;
				CLANG_WARN_DOCUMENTATION_COMMENTS = YES;
				CLANG_WARN_EMPTY_BODY = YES;
				CLANG_WARN_ENUM_CONVERSION = YES;
				CLANG_WARN_INFINITE_RECURSION = YES;
				CLANG_WARN_INT_CONVERSION = YES;
				CLANG_WARN_NON_LITERAL_NULL_CONVERSION = YES;
				CLANG_WARN_OBJC_IMPLICIT_RETAIN_SELF = YES;
				CLANG_WARN_OBJC_LITERAL_CONVERSION = YES;
				CLANG_WARN_OBJC_ROOT_CLASS = YES_ERROR;
				CLANG_WARN_RANGE_LOOP_ANALYSIS = YES;
				CLANG_WARN_STRICT_PROTOTYPES = YES;
				CLANG_WARN_SUSPICIOUS_MOVE = YES;
				CLANG_WARN_UNGUARDED_AVAILABILITY = YES_AGGRESSIVE;
				CLANG_WARN_UNREACHABLE_CODE = YES;
				CLANG_WARN__DUPLICATE_METHOD_MATCH = YES;
				COPY_PHASE_STRIP = NO;
				DEBUG_INFORMATION_FORMAT = dwarf;
				ENABLE_STRICT_OBJC_MSGSEND = YES;
				ENABLE_TESTABILITY = YES;
				GCC_C_LANGUAGE_STANDARD = gnu11;
				GCC_DYNAMIC_NO_PIC = NO;
				GCC_NO_COMMON_BLOCKS = YES;
				GCC_OPTIMIZATION_LEVEL = 0;
				GCC_PREPROCESSOR_DEFINITIONS = (
					"DEBUG=1",
					"$(inherited)",
				);
				GCC_WARN_64_TO_32_BIT_CONVERSION = YES;
				GCC_WARN_ABOUT_RETURN_TYPE = YES_ERROR;
				GCC_WARN_UNDECLARED_SELECTOR = YES;
				GCC_WARN_UNINITIALIZED_AUTOS = YES_AGGRESSIVE;
				GCC_WARN_UNUSED_FUNCTION = YES;
				GCC_WARN_UNUSED_VARIABLE = YES;
				IPHONEOS_DEPLOYMENT_TARGET = 13.6;
				MTL_ENABLE_DEBUG_INFO = INCLUDE_SOURCE;
				MTL_FAST_MATH = YES;
				ONLY_ACTIVE_ARCH = YES;
				SDKROOT = iphoneos;
				SWIFT_ACTIVE_COMPILATION_CONDITIONS = DEBUG;
				SWIFT_OPTIMIZATION_LEVEL = "-Onone";
			};
			name = Debug;
		};
		D0524B6D24D761AB005810CA /* Release */ = {
			isa = XCBuildConfiguration;
			buildSettings = {
				ALWAYS_SEARCH_USER_PATHS = NO;
				CLANG_ANALYZER_NONNULL = YES;
				CLANG_ANALYZER_NUMBER_OBJECT_CONVERSION = YES_AGGRESSIVE;
				CLANG_CXX_LANGUAGE_STANDARD = "gnu++14";
				CLANG_CXX_LIBRARY = "libc++";
				CLANG_ENABLE_MODULES = YES;
				CLANG_ENABLE_OBJC_ARC = YES;
				CLANG_ENABLE_OBJC_WEAK = YES;
				CLANG_WARN_BLOCK_CAPTURE_AUTORELEASING = YES;
				CLANG_WARN_BOOL_CONVERSION = YES;
				CLANG_WARN_COMMA = YES;
				CLANG_WARN_CONSTANT_CONVERSION = YES;
				CLANG_WARN_DEPRECATED_OBJC_IMPLEMENTATIONS = YES;
				CLANG_WARN_DIRECT_OBJC_ISA_USAGE = YES_ERROR;
				CLANG_WARN_DOCUMENTATION_COMMENTS = YES;
				CLANG_WARN_EMPTY_BODY = YES;
				CLANG_WARN_ENUM_CONVERSION = YES;
				CLANG_WARN_INFINITE_RECURSION = YES;
				CLANG_WARN_INT_CONVERSION = YES;
				CLANG_WARN_NON_LITERAL_NULL_CONVERSION = YES;
				CLANG_WARN_OBJC_IMPLICIT_RETAIN_SELF = YES;
				CLANG_WARN_OBJC_LITERAL_CONVERSION = YES;
				CLANG_WARN_OBJC_ROOT_CLASS = YES_ERROR;
				CLANG_WARN_RANGE_LOOP_ANALYSIS = YES;
				CLANG_WARN_STRICT_PROTOTYPES = YES;
				CLANG_WARN_SUSPICIOUS_MOVE = YES;
				CLANG_WARN_UNGUARDED_AVAILABILITY = YES_AGGRESSIVE;
				CLANG_WARN_UNREACHABLE_CODE = YES;
				CLANG_WARN__DUPLICATE_METHOD_MATCH = YES;
				COPY_PHASE_STRIP = NO;
				DEBUG_INFORMATION_FORMAT = "dwarf-with-dsym";
				ENABLE_NS_ASSERTIONS = NO;
				ENABLE_STRICT_OBJC_MSGSEND = YES;
				GCC_C_LANGUAGE_STANDARD = gnu11;
				GCC_NO_COMMON_BLOCKS = YES;
				GCC_WARN_64_TO_32_BIT_CONVERSION = YES;
				GCC_WARN_ABOUT_RETURN_TYPE = YES_ERROR;
				GCC_WARN_UNDECLARED_SELECTOR = YES;
				GCC_WARN_UNINITIALIZED_AUTOS = YES_AGGRESSIVE;
				GCC_WARN_UNUSED_FUNCTION = YES;
				GCC_WARN_UNUSED_VARIABLE = YES;
				IPHONEOS_DEPLOYMENT_TARGET = 13.6;
				MTL_ENABLE_DEBUG_INFO = NO;
				MTL_FAST_MATH = YES;
				SDKROOT = iphoneos;
				SWIFT_COMPILATION_MODE = wholemodule;
				SWIFT_OPTIMIZATION_LEVEL = "-O";
				VALIDATE_PRODUCT = YES;
			};
			name = Release;
		};
		D0524B6F24D761AB005810CA /* Debug */ = {
			isa = XCBuildConfiguration;
			buildSettings = {
				ASSETCATALOG_COMPILER_APPICON_NAME = AppIcon;
				CODE_SIGN_STYLE = Automatic;
				INFOPLIST_FILE = JSONWebinar/Info.plist;
				LD_RUNPATH_SEARCH_PATHS = (
					"$(inherited)",
					"@executable_path/Frameworks",
				);
				PRODUCT_BUNDLE_IDENTIFIER = com.makhsudyan.JSONWebinar;
				PRODUCT_NAME = "$(TARGET_NAME)";
				SWIFT_VERSION = 5.0;
				TARGETED_DEVICE_FAMILY = "1,2";
			};
			name = Debug;
		};
		D0524B7024D761AB005810CA /* Release */ = {
			isa = XCBuildConfiguration;
			buildSettings = {
				ASSETCATALOG_COMPILER_APPICON_NAME = AppIcon;
				CODE_SIGN_STYLE = Automatic;
				INFOPLIST_FILE = JSONWebinar/Info.plist;
				LD_RUNPATH_SEARCH_PATHS = (
					"$(inherited)",
					"@executable_path/Frameworks",
				);
				PRODUCT_BUNDLE_IDENTIFIER = com.makhsudyan.JSONWebinar;
				PRODUCT_NAME = "$(TARGET_NAME)";
				SWIFT_VERSION = 5.0;
				TARGETED_DEVICE_FAMILY = "1,2";
			};
			name = Release;
		};
/* End XCBuildConfiguration section */

/* Begin XCConfigurationList section */
		D0524B5524D761A7005810CA /* Build configuration list for PBXProject "JSONWebinar" */ = {
			isa = XCConfigurationList;
			buildConfigurations = (
				D0524B6C24D761AB005810CA /* Debug */,
				D0524B6D24D761AB005810CA /* Release */,
			);
			defaultConfigurationIsVisible = 0;
			defaultConfigurationName = Release;
		};
		D0524B6E24D761AB005810CA /* Build configuration list for PBXNativeTarget "JSONWebinar" */ = {
			isa = XCConfigurationList;
			buildConfigurations = (
				D0524B6F24D761AB005810CA /* Debug */,
				D0524B7024D761AB005810CA /* Release */,
			);
			defaultConfigurationIsVisible = 0;
			defaultConfigurationName = Release;
		};
/* End XCConfigurationList section */
	};
	rootObject = D0524B5224D761A7005810CA /* Project object */;
}
